// !$*UTF8*$!
{
	archiveVersion = 1;
	classes = {
	};
	objectVersion = 46;
	objects = {

/* Begin PBXBuildFile section */
		5D2FF5CA3BD9A9B5F113B8D6 /* Pods_pushMyNotifs.framework in Frameworks */ = {isa = PBXBuildFile; fileRef = 94D916FC54EB7E06EC647FF9 /* Pods_pushMyNotifs.framework */; };
		BC1406871E79F3870001EF8D /* AppDelegate.swift in Sources */ = {isa = PBXBuildFile; fileRef = BC1406861E79F3870001EF8D /* AppDelegate.swift */; };
		BC1406891E79F3870001EF8D /* ViewController.swift in Sources */ = {isa = PBXBuildFile; fileRef = BC1406881E79F3870001EF8D /* ViewController.swift */; };
		BC14068C1E79F3870001EF8D /* Main.storyboard in Resources */ = {isa = PBXBuildFile; fileRef = BC14068A1E79F3870001EF8D /* Main.storyboard */; };
		BC14068E1E79F3870001EF8D /* Assets.xcassets in Resources */ = {isa = PBXBuildFile; fileRef = BC14068D1E79F3870001EF8D /* Assets.xcassets */; };
		BC1406911E79F3870001EF8D /* LaunchScreen.storyboard in Resources */ = {isa = PBXBuildFile; fileRef = BC14068F1E79F3870001EF8D /* LaunchScreen.storyboard */; };
		BC1406991E79F4500001EF8D /* GoogleService-Info.plist in Resources */ = {isa = PBXBuildFile; fileRef = BC1406981E79F4500001EF8D /* GoogleService-Info.plist */; };
/* End PBXBuildFile section */

/* Begin PBXFileReference section */
		612C5C04AD450E0B75D8FBE1 /* Pods-pushMyNotifs.release.xcconfig */ = {isa = PBXFileReference; includeInIndex = 1; lastKnownFileType = text.xcconfig; name = "Pods-pushMyNotifs.release.xcconfig"; path = "Pods/Target Support Files/Pods-pushMyNotifs/Pods-pushMyNotifs.release.xcconfig"; sourceTree = "<group>"; };
		94D916FC54EB7E06EC647FF9 /* Pods_pushMyNotifs.framework */ = {isa = PBXFileReference; explicitFileType = wrapper.framework; includeInIndex = 0; path = Pods_pushMyNotifs.framework; sourceTree = BUILT_PRODUCTS_DIR; };
		BC1406831E79F3870001EF8D /* pushMyNotifs.app */ = {isa = PBXFileReference; explicitFileType = wrapper.application; includeInIndex = 0; path = pushMyNotifs.app; sourceTree = BUILT_PRODUCTS_DIR; };
		BC1406861E79F3870001EF8D /* AppDelegate.swift */ = {isa = PBXFileReference; lastKnownFileType = sourcecode.swift; path = AppDelegate.swift; sourceTree = "<group>"; };
		BC1406881E79F3870001EF8D /* ViewController.swift */ = {isa = PBXFileReference; lastKnownFileType = sourcecode.swift; path = ViewController.swift; sourceTree = "<group>"; };
		BC14068B1E79F3870001EF8D /* Base */ = {isa = PBXFileReference; lastKnownFileType = file.storyboard; name = Base; path = Base.lproj/Main.storyboard; sourceTree = "<group>"; };
		BC14068D1E79F3870001EF8D /* Assets.xcassets */ = {isa = PBXFileReference; lastKnownFileType = folder.assetcatalog; path = Assets.xcassets; sourceTree = "<group>"; };
		BC1406901E79F3870001EF8D /* Base */ = {isa = PBXFileReference; lastKnownFileType = file.storyboard; name = Base; path = Base.lproj/LaunchScreen.storyboard; sourceTree = "<group>"; };
		BC1406921E79F3870001EF8D /* Info.plist */ = {isa = PBXFileReference; lastKnownFileType = text.plist.xml; path = Info.plist; sourceTree = "<group>"; };
		BC1406981E79F4500001EF8D /* GoogleService-Info.plist */ = {isa = PBXFileReference; fileEncoding = 4; lastKnownFileType = text.plist.xml; path = "GoogleService-Info.plist"; sourceTree = "<group>"; };
		BC5662FB1E79FAA10068D58A /* pushMyNotifs.entitlements */ = {isa = PBXFileReference; lastKnownFileType = text.plist.entitlements; path = pushMyNotifs.entitlements; sourceTree = "<group>"; };
		C68CD40AEC8CFC29AB1D82DC /* Pods-pushMyNotifs.debug.xcconfig */ = {isa = PBXFileReference; includeInIndex = 1; lastKnownFileType = text.xcconfig; name = "Pods-pushMyNotifs.debug.xcconfig"; path = "Pods/Target Support Files/Pods-pushMyNotifs/Pods-pushMyNotifs.debug.xcconfig"; sourceTree = "<group>"; };
/* End PBXFileReference section */

/* Begin PBXFrameworksBuildPhase section */
		BC1406801E79F3870001EF8D /* Frameworks */ = {
			isa = PBXFrameworksBuildPhase;
			buildActionMask = 2147483647;
			files = (
				5D2FF5CA3BD9A9B5F113B8D6 /* Pods_pushMyNotifs.framework in Frameworks */,
			);
			runOnlyForDeploymentPostprocessing = 0;
		};
/* End PBXFrameworksBuildPhase section */

/* Begin PBXGroup section */
		BC14067A1E79F3870001EF8D = {
			isa = PBXGroup;
			children = (
				BC1406851E79F3870001EF8D /* pushMyNotifs */,
				BC1406841E79F3870001EF8D /* Products */,
				D8BFB509A789C72470E9EA68 /* Pods */,
				F4F4635395C1BB9A690EA9AA /* Frameworks */,
			);
			sourceTree = "<group>";
		};
		BC1406841E79F3870001EF8D /* Products */ = {
			isa = PBXGroup;
			children = (
				BC1406831E79F3870001EF8D /* pushMyNotifs.app */,
			);
			name = Products;
			sourceTree = "<group>";
		};
		BC1406851E79F3870001EF8D /* pushMyNotifs */ = {
			isa = PBXGroup;
			children = (
				BC5662FB1E79FAA10068D58A /* pushMyNotifs.entitlements */,
				BC1406861E79F3870001EF8D /* AppDelegate.swift */,
				BC1406881E79F3870001EF8D /* ViewController.swift */,
				BC14068A1E79F3870001EF8D /* Main.storyboard */,
				BC14068D1E79F3870001EF8D /* Assets.xcassets */,
				BC14068F1E79F3870001EF8D /* LaunchScreen.storyboard */,
				BC1406921E79F3870001EF8D /* Info.plist */,
				BC1406981E79F4500001EF8D /* GoogleService-Info.plist */,
			);
			path = pushMyNotifs;
			sourceTree = "<group>";
		};
		D8BFB509A789C72470E9EA68 /* Pods */ = {
			isa = PBXGroup;
			children = (
				C68CD40AEC8CFC29AB1D82DC /* Pods-pushMyNotifs.debug.xcconfig */,
				612C5C04AD450E0B75D8FBE1 /* Pods-pushMyNotifs.release.xcconfig */,
			);
			name = Pods;
			sourceTree = "<group>";
		};
		F4F4635395C1BB9A690EA9AA /* Frameworks */ = {
			isa = PBXGroup;
			children = (
				94D916FC54EB7E06EC647FF9 /* Pods_pushMyNotifs.framework */,
			);
			name = Frameworks;
			sourceTree = "<group>";
		};
/* End PBXGroup section */

/* Begin PBXNativeTarget section */
		BC1406821E79F3870001EF8D /* pushMyNotifs */ = {
			isa = PBXNativeTarget;
			buildConfigurationList = BC1406951E79F3870001EF8D /* Build configuration list for PBXNativeTarget "pushMyNotifs" */;
			buildPhases = (
				65E33BBC20221B0F33B27486 /* [CP] Check Pods Manifest.lock */,
				BC14067F1E79F3870001EF8D /* Sources */,
				BC1406801E79F3870001EF8D /* Frameworks */,
				BC1406811E79F3870001EF8D /* Resources */,
				4E9D5E4F4E323B11A48A99EF /* [CP] Embed Pods Frameworks */,
				6A4968187D9CF1B6C8B48FAA /* [CP] Copy Pods Resources */,
			);
			buildRules = (
			);
			dependencies = (
			);
			name = pushMyNotifs;
			productName = pushMyNotifs;
			productReference = BC1406831E79F3870001EF8D /* pushMyNotifs.app */;
			productType = "com.apple.product-type.application";
		};
/* End PBXNativeTarget section */

/* Begin PBXProject section */
		BC14067B1E79F3870001EF8D /* Project object */ = {
			isa = PBXProject;
			attributes = {
				LastSwiftUpdateCheck = 0820;
				LastUpgradeCheck = 0820;
				ORGANIZATIONNAME = "Carlos Doki";
				TargetAttributes = {
					BC1406821E79F3870001EF8D = {
						CreatedOnToolsVersion = 8.2.1;
						DevelopmentTeam = 7984M9FF87;
						ProvisioningStyle = Automatic;
						SystemCapabilities = {
							com.apple.Push = {
								enabled = 1;
							};
						};
					};
				};
			};
			buildConfigurationList = BC14067E1E79F3870001EF8D /* Build configuration list for PBXProject "pushMyNotifs" */;
			compatibilityVersion = "Xcode 3.2";
			developmentRegion = English;
			hasScannedForEncodings = 0;
			knownRegions = (
				en,
				Base,
			);
			mainGroup = BC14067A1E79F3870001EF8D;
			productRefGroup = BC1406841E79F3870001EF8D /* Products */;
			projectDirPath = "";
			projectRoot = "";
			targets = (
				BC1406821E79F3870001EF8D /* pushMyNotifs */,
			);
		};
/* End PBXProject section */

/* Begin PBXResourcesBuildPhase section */
		BC1406811E79F3870001EF8D /* Resources */ = {
			isa = PBXResourcesBuildPhase;
			buildActionMask = 2147483647;
			files = (
				BC1406911E79F3870001EF8D /* LaunchScreen.storyboard in Resources */,
				BC1406991E79F4500001EF8D /* GoogleService-Info.plist in Resources */,
				BC14068E1E79F3870001EF8D /* Assets.xcassets in Resources */,
				BC14068C1E79F3870001EF8D /* Main.storyboard in Resources */,
			);
			runOnlyForDeploymentPostprocessing = 0;
		};
/* End PBXResourcesBuildPhase section */

/* Begin PBXShellScriptBuildPhase section */
		4E9D5E4F4E323B11A48A99EF /* [CP] Embed Pods Frameworks */ = {
			isa = PBXShellScriptBuildPhase;
			buildActionMask = 2147483647;
			files = (
			);
			inputPaths = (
			);
			name = "[CP] Embed Pods Frameworks";
			outputPaths = (
			);
			runOnlyForDeploymentPostprocessing = 0;
			shellPath = /bin/sh;
			shellScript = "\"${SRCROOT}/Pods/Target Support Files/Pods-pushMyNotifs/Pods-pushMyNotifs-frameworks.sh\"\n";
			showEnvVarsInLog = 0;
		};
		65E33BBC20221B0F33B27486 /* [CP] Check Pods Manifest.lock */ = {
			isa = PBXShellScriptBuildPhase;
			buildActionMask = 2147483647;
			files = (
			);
			inputPaths = (
			);
			name = "[CP] Check Pods Manifest.lock";
			outputPaths = (
			);
			runOnlyForDeploymentPostprocessing = 0;
			shellPath = /bin/sh;
			shellScript = "diff \"${PODS_ROOT}/../Podfile.lock\" \"${PODS_ROOT}/Manifest.lock\" > /dev/null\nif [ $? != 0 ] ; then\n    # print error to STDERR\n    echo \"error: The sandbox is not in sync with the Podfile.lock. Run 'pod install' or update your CocoaPods installation.\" >&2\n    exit 1\nfi\n";
			showEnvVarsInLog = 0;
		};
		6A4968187D9CF1B6C8B48FAA /* [CP] Copy Pods Resources */ = {
			isa = PBXShellScriptBuildPhase;
			buildActionMask = 2147483647;
			files = (
			);
			inputPaths = (
			);
			name = "[CP] Copy Pods Resources";
			outputPaths = (
			);
			runOnlyForDeploymentPostprocessing = 0;
			shellPath = /bin/sh;
			shellScript = "\"${SRCROOT}/Pods/Target Support Files/Pods-pushMyNotifs/Pods-pushMyNotifs-resources.sh\"\n";
			showEnvVarsInLog = 0;
		};
/* End PBXShellScriptBuildPhase section */

/* Begin PBXSourcesBuildPhase section */
		BC14067F1E79F3870001EF8D /* Sources */ = {
			isa = PBXSourcesBuildPhase;
			buildActionMask = 2147483647;
			files = (
				BC1406891E79F3870001EF8D /* ViewController.swift in Sources */,
				BC1406871E79F3870001EF8D /* AppDelegate.swift in Sources */,
			);
			runOnlyForDeploymentPostprocessing = 0;
		};
/* End PBXSourcesBuildPhase section */

/* Begin PBXVariantGroup section */
		BC14068A1E79F3870001EF8D /* Main.storyboard */ = {
			isa = PBXVariantGroup;
			children = (
				BC14068B1E79F3870001EF8D /* Base */,
			);
			name = Main.storyboard;
			sourceTree = "<group>";
		};
		BC14068F1E79F3870001EF8D /* LaunchScreen.storyboard */ = {
			isa = PBXVariantGroup;
			children = (
				BC1406901E79F3870001EF8D /* Base */,
			);
			name = LaunchScreen.storyboard;
			sourceTree = "<group>";
		};
/* End PBXVariantGroup section */

/* Begin XCBuildConfiguration section */
		BC1406931E79F3870001EF8D /* Debug */ = {
			isa = XCBuildConfiguration;
			buildSettings = {
				ALWAYS_SEARCH_USER_PATHS = NO;
				CLANG_ANALYZER_NONNULL = YES;
				CLANG_CXX_LANGUAGE_STANDARD = "gnu++0x";
				CLANG_CXX_LIBRARY = "libc++";
				CLANG_ENABLE_MODULES = YES;
				CLANG_ENABLE_OBJC_ARC = YES;
				CLANG_WARN_BOOL_CONVERSION = YES;
				CLANG_WARN_CONSTANT_CONVERSION = YES;
				CLANG_WARN_DIRECT_OBJC_ISA_USAGE = YES_ERROR;
				CLANG_WARN_DOCUMENTATION_COMMENTS = YES;
				CLANG_WARN_EMPTY_BODY = YES;
				CLANG_WARN_ENUM_CONVERSION = YES;
				CLANG_WARN_INFINITE_RECURSION = YES;
				CLANG_WARN_INT_CONVERSION = YES;
				CLANG_WARN_OBJC_ROOT_CLASS = YES_ERROR;
				CLANG_WARN_SUSPICIOUS_MOVE = YES;
				CLANG_WARN_UNREACHABLE_CODE = YES;
				CLANG_WARN__DUPLICATE_METHOD_MATCH = YES;
				"CODE_SIGN_IDENTITY[sdk=iphoneos*]" = "iPhone Developer";
				COPY_PHASE_STRIP = NO;
				DEBUG_INFORMATION_FORMAT = dwarf;
				ENABLE_STRICT_OBJC_MSGSEND = YES;
				ENABLE_TESTABILITY = YES;
				GCC_C_LANGUAGE_STANDARD = gnu99;
				GCC_DYNAMIC_NO_PIC = NO;
				GCC_NO_COMMON_BLOCKS = YES;
				GCC_OPTIMIZATION_LEVEL = 0;
				GCC_PREPROCESSOR_DEFINITIONS = (
					"DEBUG=1",
					"$(inherited)",
				);
				GCC_WARN_64_TO_32_BIT_CONVERSION = YES;
				GCC_WARN_ABOUT_RETURN_TYPE = YES_ERROR;
				GCC_WARN_UNDECLARED_SELECTOR = YES;
				GCC_WARN_UNINITIALIZED_AUTOS = YES_AGGRESSIVE;
				GCC_WARN_UNUSED_FUNCTION = YES;
				GCC_WARN_UNUSED_VARIABLE = YES;
				IPHONEOS_DEPLOYMENT_TARGET = 10.2;
				MTL_ENABLE_DEBUG_INFO = YES;
				ONLY_ACTIVE_ARCH = YES;
				SDKROOT = iphoneos;
				SWIFT_ACTIVE_COMPILATION_CONDITIONS = DEBUG;
				SWIFT_OPTIMIZATION_LEVEL = "-Onone";
				TARGETED_DEVICE_FAMILY = "1,2";
			};
			name = Debug;
		};
		BC1406941E79F3870001EF8D /* Release */ = {
			isa = XCBuildConfiguration;
			buildSettings = {
				ALWAYS_SEARCH_USER_PATHS = NO;
				CLANG_ANALYZER_NONNULL = YES;
				CLANG_CXX_LANGUAGE_STANDARD = "gnu++0x";
				CLANG_CXX_LIBRARY = "libc++";
				CLANG_ENABLE_MODULES = YES;
				CLANG_ENABLE_OBJC_ARC = YES;
				CLANG_WARN_BOOL_CONVERSION = YES;
				CLANG_WARN_CONSTANT_CONVERSION = YES;
				CLANG_WARN_DIRECT_OBJC_ISA_USAGE = YES_ERROR;
				CLANG_WARN_DOCUMENTATION_COMMENTS = YES;
				CLANG_WARN_EMPTY_BODY = YES;
				CLANG_WARN_ENUM_CONVERSION = YES;
				CLANG_WARN_INFINITE_RECURSION = YES;
				CLANG_WARN_INT_CONVERSION = YES;
				CLANG_WARN_OBJC_ROOT_CLASS = YES_ERROR;
				CLANG_WARN_SUSPICIOUS_MOVE = YES;
				CLANG_WARN_UNREACHABLE_CODE = YES;
				CLANG_WARN__DUPLICATE_METHOD_MATCH = YES;
				"CODE_SIGN_IDENTITY[sdk=iphoneos*]" = "iPhone Developer";
				COPY_PHASE_STRIP = NO;
				DEBUG_INFORMATION_FORMAT = "dwarf-with-dsym";
				ENABLE_NS_ASSERTIONS = NO;
				ENABLE_STRICT_OBJC_MSGSEND = YES;
				GCC_C_LANGUAGE_STANDARD = gnu99;
				GCC_NO_COMMON_BLOCKS = YES;
				GCC_WARN_64_TO_32_BIT_CONVERSION = YES;
				GCC_WARN_ABOUT_RETURN_TYPE = YES_ERROR;
				GCC_WARN_UNDECLARED_SELECTOR = YES;
				GCC_WARN_UNINITIALIZED_AUTOS = YES_AGGRESSIVE;
				GCC_WARN_UNUSED_FUNCTION = YES;
				GCC_WARN_UNUSED_VARIABLE = YES;
				IPHONEOS_DEPLOYMENT_TARGET = 10.2;
				MTL_ENABLE_DEBUG_INFO = NO;
				SDKROOT = iphoneos;
				SWIFT_OPTIMIZATION_LEVEL = "-Owholemodule";
				TARGETED_DEVICE_FAMILY = "1,2";
				VALIDATE_PRODUCT = YES;
			};
			name = Release;
		};
		BC1406961E79F3870001EF8D /* Debug */ = {
			isa = XCBuildConfiguration;
			baseConfigurationReference = C68CD40AEC8CFC29AB1D82DC /* Pods-pushMyNotifs.debug.xcconfig */;
			buildSettings = {
				ASSETCATALOG_COMPILER_APPICON_NAME = AppIcon;
				CODE_SIGN_ENTITLEMENTS = pushMyNotifs/pushMyNotifs.entitlements;
				DEVELOPMENT_TEAM = 7984M9FF87;
				INFOPLIST_FILE = pushMyNotifs/Info.plist;
				LD_RUNPATH_SEARCH_PATHS = "$(inherited) @executable_path/Frameworks";
				PRODUCT_BUNDLE_IDENTIFIER = com.carlosdoki.pushMyNotifs;
				PRODUCT_NAME = "$(TARGET_NAME)";
				SWIFT_VERSION = 3.0;
			};
			name = Debug;
		};
		BC1406971E79F3870001EF8D /* Release */ = {
			isa = XCBuildConfiguration;
			baseConfigurationReference = 612C5C04AD450E0B75D8FBE1 /* Pods-pushMyNotifs.release.xcconfig */;
			buildSettings = {
				ASSETCATALOG_COMPILER_APPICON_NAME = AppIcon;
				CODE_SIGN_ENTITLEMENTS = pushMyNotifs/pushMyNotifs.entitlements;
				DEVELOPMENT_TEAM = 7984M9FF87;
				INFOPLIST_FILE = pushMyNotifs/Info.plist;
				LD_RUNPATH_SEARCH_PATHS = "$(inherited) @executable_path/Frameworks";
				PRODUCT_BUNDLE_IDENTIFIER = com.carlosdoki.pushMyNotifs;
				PRODUCT_NAME = "$(TARGET_NAME)";
				SWIFT_VERSION = 3.0;
			};
			name = Release;
		};
/* End XCBuildConfiguration section */

/* Begin XCConfigurationList section */
		BC14067E1E79F3870001EF8D /* Build configuration list for PBXProject "pushMyNotifs" */ = {
			isa = XCConfigurationList;
			buildConfigurations = (
				BC1406931E79F3870001EF8D /* Debug */,
				BC1406941E79F3870001EF8D /* Release */,
			);
			defaultConfigurationIsVisible = 0;
			defaultConfigurationName = Release;
		};
		BC1406951E79F3870001EF8D /* Build configuration list for PBXNativeTarget "pushMyNotifs" */ = {
			isa = XCConfigurationList;
			buildConfigurations = (
				BC1406961E79F3870001EF8D /* Debug */,
				BC1406971E79F3870001EF8D /* Release */,
			);
			defaultConfigurationIsVisible = 0;
			defaultConfigurationName = Release;
		};
/* End XCConfigurationList section */
	};
	rootObject = BC14067B1E79F3870001EF8D /* Project object */;
}
